// !$*UTF8*$!
{
	archiveVersion = 1;
	classes = {
	};
	objectVersion = 56;
	objects = {

/* Begin PBXBuildFile section */
		0678D5E0294B969F0052E1D5 /* CoreMLSwiftUIApp.swift in Sources */ = {isa = PBXBuildFile; fileRef = 0678D5DF294B969F0052E1D5 /* CoreMLSwiftUIApp.swift */; };
		0678D5E2294B969F0052E1D5 /* ContentView.swift in Sources */ = {isa = PBXBuildFile; fileRef = 0678D5E1294B969F0052E1D5 /* ContentView.swift */; };
		0678D5E4294B96A20052E1D5 /* Assets.xcassets in Resources */ = {isa = PBXBuildFile; fileRef = 0678D5E3294B96A20052E1D5 /* Assets.xcassets */; };
		0678D5E7294B96A20052E1D5 /* Preview Assets.xcassets in Resources */ = {isa = PBXBuildFile; fileRef = 0678D5E6294B96A20052E1D5 /* Preview Assets.xcassets */; };
		0678D5EE294B9AFC0052E1D5 /* ImageDetectionViewModel.swift in Sources */ = {isa = PBXBuildFile; fileRef = 0678D5ED294B9AFC0052E1D5 /* ImageDetectionViewModel.swift */; };
		0678D5F0294B9E6B0052E1D5 /* ImageDetectionManager.swift in Sources */ = {isa = PBXBuildFile; fileRef = 0678D5EF294B9E6B0052E1D5 /* ImageDetectionManager.swift */; };
		0678D5F2294BA03F0052E1D5 /* Resnet50.mlmodel in Sources */ = {isa = PBXBuildFile; fileRef = 0678D5F1294BA03F0052E1D5 /* Resnet50.mlmodel */; };
		0678D5F4294BA16F0052E1D5 /* UIImage+Extensions.swift in Sources */ = {isa = PBXBuildFile; fileRef = 0678D5F3294BA16F0052E1D5 /* UIImage+Extensions.swift */; };
/* End PBXBuildFile section */

/* Begin PBXFileReference section */
		0678D5DC294B969F0052E1D5 /* CoreMLSwiftUI.app */ = {isa = PBXFileReference; explicitFileType = wrapper.application; includeInIndex = 0; path = CoreMLSwiftUI.app; sourceTree = BUILT_PRODUCTS_DIR; };
		0678D5DF294B969F0052E1D5 /* CoreMLSwiftUIApp.swift */ = {isa = PBXFileReference; lastKnownFileType = sourcecode.swift; path = CoreMLSwiftUIApp.swift; sourceTree = "<group>"; };
		0678D5E1294B969F0052E1D5 /* ContentView.swift */ = {isa = PBXFileReference; lastKnownFileType = sourcecode.swift; path = ContentView.swift; sourceTree = "<group>"; };
		0678D5E3294B96A20052E1D5 /* Assets.xcassets */ = {isa = PBXFileReference; lastKnownFileType = folder.assetcatalog; path = Assets.xcassets; sourceTree = "<group>"; };
		0678D5E6294B96A20052E1D5 /* Preview Assets.xcassets */ = {isa = PBXFileReference; lastKnownFileType = folder.assetcatalog; path = "Preview Assets.xcassets"; sourceTree = "<group>"; };
		0678D5ED294B9AFC0052E1D5 /* ImageDetectionViewModel.swift */ = {isa = PBXFileReference; lastKnownFileType = sourcecode.swift; path = ImageDetectionViewModel.swift; sourceTree = "<group>"; };
		0678D5EF294B9E6B0052E1D5 /* ImageDetectionManager.swift */ = {isa = PBXFileReference; lastKnownFileType = sourcecode.swift; path = ImageDetectionManager.swift; sourceTree = "<group>"; };
		0678D5F1294BA03F0052E1D5 /* Resnet50.mlmodel */ = {isa = PBXFileReference; lastKnownFileType = file.mlmodel; path = Resnet50.mlmodel; sourceTree = "<group>"; };
		0678D5F3294BA16F0052E1D5 /* UIImage+Extensions.swift */ = {isa = PBXFileReference; lastKnownFileType = sourcecode.swift; path = "UIImage+Extensions.swift"; sourceTree = "<group>"; };
/* End PBXFileReference section */

/* Begin PBXFrameworksBuildPhase section */
		0678D5D9294B969F0052E1D5 /* Frameworks */ = {
			isa = PBXFrameworksBuildPhase;
			buildActionMask = 2147483647;
			files = (
			);
			runOnlyForDeploymentPostprocessing = 0;
		};
/* End PBXFrameworksBuildPhase section */

/* Begin PBXGroup section */
		0678D5D3294B969F0052E1D5 = {
			isa = PBXGroup;
			children = (
				0678D5DE294B969F0052E1D5 /* CoreMLSwiftUI */,
				0678D5DD294B969F0052E1D5 /* Products */,
			);
			sourceTree = "<group>";
		};
		0678D5DD294B969F0052E1D5 /* Products */ = {
			isa = PBXGroup;
			children = (
				0678D5DC294B969F0052E1D5 /* CoreMLSwiftUI.app */,
			);
			name = Products;
			sourceTree = "<group>";
		};
		0678D5DE294B969F0052E1D5 /* CoreMLSwiftUI */ = {
			isa = PBXGroup;
			children = (
				0678D5DF294B969F0052E1D5 /* CoreMLSwiftUIApp.swift */,
				0678D5E1294B969F0052E1D5 /* ContentView.swift */,
				0678D5E3294B96A20052E1D5 /* Assets.xcassets */,
				0678D5E5294B96A20052E1D5 /* Preview Content */,
				0678D5ED294B9AFC0052E1D5 /* ImageDetectionViewModel.swift */,
				0678D5EF294B9E6B0052E1D5 /* ImageDetectionManager.swift */,
				0678D5F3294BA16F0052E1D5 /* UIImage+Extensions.swift */,
				0678D5F1294BA03F0052E1D5 /* Resnet50.mlmodel */,
			);
			path = CoreMLSwiftUI;
			sourceTree = "<group>";
		};
		0678D5E5294B96A20052E1D5 /* Preview Content */ = {
			isa = PBXGroup;
			children = (
				0678D5E6294B96A20052E1D5 /* Preview Assets.xcassets */,
			);
			path = "Preview Content";
			sourceTree = "<group>";
		};
/* End PBXGroup section */

/* Begin PBXNativeTarget section */
		0678D5DB294B969F0052E1D5 /* CoreMLSwiftUI */ = {
			isa = PBXNativeTarget;
			buildConfigurationList = 0678D5EA294B96A20052E1D5 /* Build configuration list for PBXNativeTarget "CoreMLSwiftUI" */;
			buildPhases = (
				0678D5D8294B969F0052E1D5 /* Sources */,
				0678D5D9294B969F0052E1D5 /* Frameworks */,
				0678D5DA294B969F0052E1D5 /* Resources */,
			);
			buildRules = (
			);
			dependencies = (
			);
			name = CoreMLSwiftUI;
			productName = CoreMLSwiftUI;
			productReference = 0678D5DC294B969F0052E1D5 /* CoreMLSwiftUI.app */;
			productType = "com.apple.product-type.application";
		};
/* End PBXNativeTarget section */

/* Begin PBXProject section */
		0678D5D4294B969F0052E1D5 /* Project object */ = {
			isa = PBXProject;
			attributes = {
				BuildIndependentTargetsInParallel = 1;
				LastSwiftUpdateCheck = 1420;
				LastUpgradeCheck = 1420;
				TargetAttributes = {
					0678D5DB294B969F0052E1D5 = {
						CreatedOnToolsVersion = 14.2;
					};
				};
			};
			buildConfigurationList = 0678D5D7294B969F0052E1D5 /* Build configuration list for PBXProject "CoreMLSwiftUI" */;
			compatibilityVersion = "Xcode 14.0";
			developmentRegion = en;
			hasScannedForEncodings = 0;
			knownRegions = (
				en,
				Base,
			);
			mainGroup = 0678D5D3294B969F0052E1D5;
			productRefGroup = 0678D5DD294B969F0052E1D5 /* Products */;
			projectDirPath = "";
			projectRoot = "";
			targets = (
				0678D5DB294B969F0052E1D5 /* CoreMLSwiftUI */,
			);
		};
/* End PBXProject section */

/* Begin PBXResourcesBuildPhase section */
		0678D5DA294B969F0052E1D5 /* Resources */ = {
			isa = PBXResourcesBuildPhase;
			buildActionMask = 2147483647;
			files = (
				0678D5E7294B96A20052E1D5 /* Preview Assets.xcassets in Resources */,
				0678D5E4294B96A20052E1D5 /* Assets.xcassets in Resources */,
			);
			runOnlyForDeploymentPostprocessing = 0;
		};
/* End PBXResourcesBuildPhase section */

/* Begin PBXSourcesBuildPhase section */
		0678D5D8294B969F0052E1D5 /* Sources */ = {
			isa = PBXSourcesBuildPhase;
			buildActionMask = 2147483647;
			files = (
				0678D5F2294BA03F0052E1D5 /* Resnet50.mlmodel in Sources */,
				0678D5E2294B969F0052E1D5 /* ContentView.swift in Sources */,
				0678D5E0294B969F0052E1D5 /* CoreMLSwiftUIApp.swift in Sources */,
				0678D5F4294BA16F0052E1D5 /* UIImage+Extensions.swift in Sources */,
				0678D5EE294B9AFC0052E1D5 /* ImageDetectionViewModel.swift in Sources */,
				0678D5F0294B9E6B0052E1D5 /* ImageDetectionManager.swift in Sources */,
			);
			runOnlyForDeploymentPostprocessing = 0;
		};
/* End PBXSourcesBuildPhase section */

/* Begin XCBuildConfiguration section */
		0678D5E8294B96A20052E1D5 /* Debug */ = {
			isa = XCBuildConfiguration;
			buildSettings = {
				ALWAYS_SEARCH_USER_PATHS = NO;
				CLANG_ANALYZER_NONNULL = YES;
				CLANG_ANALYZER_NUMBER_OBJECT_CONVERSION = YES_AGGRESSIVE;
				CLANG_CXX_LANGUAGE_STANDARD = "gnu++20";
				CLANG_ENABLE_MODULES = YES;
				CLANG_ENABLE_OBJC_ARC = YES;
				CLANG_ENABLE_OBJC_WEAK = YES;
				CLANG_WARN_BLOCK_CAPTURE_AUTORELEASING = YES;
				CLANG_WARN_BOOL_CONVERSION = YES;
				CLANG_WARN_COMMA = YES;
				CLANG_WARN_CONSTANT_CONVERSION = YES;
				CLANG_WARN_DEPRECATED_OBJC_IMPLEMENTATIONS = YES;
				CLANG_WARN_DIRECT_OBJC_ISA_USAGE = YES_ERROR;
				CLANG_WARN_DOCUMENTATION_COMMENTS = YES;
				CLANG_WARN_EMPTY_BODY = YES;
				CLANG_WARN_ENUM_CONVERSION = YES;
				CLANG_WARN_INFINITE_RECURSION = YES;
				CLANG_WARN_INT_CONVERSION = YES;
				CLANG_WARN_NON_LITERAL_NULL_CONVERSION = YES;
				CLANG_WARN_OBJC_IMPLICIT_RETAIN_SELF = YES;
				CLANG_WARN_OBJC_LITERAL_CONVERSION = YES;
				CLANG_WARN_OBJC_ROOT_CLASS = YES_ERROR;
				CLANG_WARN_QUOTED_INCLUDE_IN_FRAMEWORK_HEADER = YES;
				CLANG_WARN_RANGE_LOOP_ANALYSIS = YES;
				CLANG_WARN_STRICT_PROTOTYPES = YES;
				CLANG_WARN_SUSPICIOUS_MOVE = YES;
				CLANG_WARN_UNGUARDED_AVAILABILITY = YES_AGGRESSIVE;
				CLANG_WARN_UNREACHABLE_CODE = YES;
				CLANG_WARN__DUPLICATE_METHOD_MATCH = YES;
				COPY_PHASE_STRIP = NO;
				DEBUG_INFORMATION_FORMAT = dwarf;
				ENABLE_STRICT_OBJC_MSGSEND = YES;
				ENABLE_TESTABILITY = YES;
				GCC_C_LANGUAGE_STANDARD = gnu11;
				GCC_DYNAMIC_NO_PIC = NO;
				GCC_NO_COMMON_BLOCKS = YES;
				GCC_OPTIMIZATION_LEVEL = 0;
				GCC_PREPROCESSOR_DEFINITIONS = (
					"DEBUG=1",
					"$(inherited)",
				);
				GCC_WARN_64_TO_32_BIT_CONVERSION = YES;
				GCC_WARN_ABOUT_RETURN_TYPE = YES_ERROR;
				GCC_WARN_UNDECLARED_SELECTOR = YES;
				GCC_WARN_UNINITIALIZED_AUTOS = YES_AGGRESSIVE;
				GCC_WARN_UNUSED_FUNCTION = YES;
				GCC_WARN_UNUSED_VARIABLE = YES;
				IPHONEOS_DEPLOYMENT_TARGET = 16.2;
				MTL_ENABLE_DEBUG_INFO = INCLUDE_SOURCE;
				MTL_FAST_MATH = YES;
				ONLY_ACTIVE_ARCH = YES;
				SDKROOT = iphoneos;
				SWIFT_ACTIVE_COMPILATION_CONDITIONS = DEBUG;
				SWIFT_OPTIMIZATION_LEVEL = "-Onone";
			};
			name = Debug;
		};
		0678D5E9294B96A20052E1D5 /* Release */ = {
			isa = XCBuildConfiguration;
			buildSettings = {
				ALWAYS_SEARCH_USER_PATHS = NO;
				CLANG_ANALYZER_NONNULL = YES;
				CLANG_ANALYZER_NUMBER_OBJECT_CONVERSION = YES_AGGRESSIVE;
				CLANG_CXX_LANGUAGE_STANDARD = "gnu++20";
				CLANG_ENABLE_MODULES = YES;
				CLANG_ENABLE_OBJC_ARC = YES;
				CLANG_ENABLE_OBJC_WEAK = YES;
				CLANG_WARN_BLOCK_CAPTURE_AUTORELEASING = YES;
				CLANG_WARN_BOOL_CONVERSION = YES;
				CLANG_WARN_COMMA = YES;
				CLANG_WARN_CONSTANT_CONVERSION = YES;
				CLANG_WARN_DEPRECATED_OBJC_IMPLEMENTATIONS = YES;
				CLANG_WARN_DIRECT_OBJC_ISA_USAGE = YES_ERROR;
				CLANG_WARN_DOCUMENTATION_COMMENTS = YES;
				CLANG_WARN_EMPTY_BODY = YES;
				CLANG_WARN_ENUM_CONVERSION = YES;
				CLANG_WARN_INFINITE_RECURSION = YES;
				CLANG_WARN_INT_CONVERSION = YES;
				CLANG_WARN_NON_LITERAL_NULL_CONVERSION = YES;
				CLANG_WARN_OBJC_IMPLICIT_RETAIN_SELF = YES;
				CLANG_WARN_OBJC_LITERAL_CONVERSION = YES;
				CLANG_WARN_OBJC_ROOT_CLASS = YES_ERROR;
				CLANG_WARN_QUOTED_INCLUDE_IN_FRAMEWORK_HEADER = YES;
				CLANG_WARN_RANGE_LOOP_ANALYSIS = YES;
				CLANG_WARN_STRICT_PROTOTYPES = YES;
				CLANG_WARN_SUSPICIOUS_MOVE = YES;
				CLANG_WARN_UNGUARDED_AVAILABILITY = YES_AGGRESSIVE;
				CLANG_WARN_UNREACHABLE_CODE = YES;
				CLANG_WARN__DUPLICATE_METHOD_MATCH = YES;
				COPY_PHASE_STRIP = NO;
				DEBUG_INFORMATION_FORMAT = "dwarf-with-dsym";
				ENABLE_NS_ASSERTIONS = NO;
				ENABLE_STRICT_OBJC_MSGSEND = YES;
				GCC_C_LANGUAGE_STANDARD = gnu11;
				GCC_NO_COMMON_BLOCKS = YES;
				GCC_WARN_64_TO_32_BIT_CONVERSION = YES;
				GCC_WARN_ABOUT_RETURN_TYPE = YES_ERROR;
				GCC_WARN_UNDECLARED_SELECTOR = YES;
				GCC_WARN_UNINITIALIZED_AUTOS = YES_AGGRESSIVE;
				GCC_WARN_UNUSED_FUNCTION = YES;
				GCC_WARN_UNUSED_VARIABLE = YES;
				IPHONEOS_DEPLOYMENT_TARGET = 16.2;
				MTL_ENABLE_DEBUG_INFO = NO;
				MTL_FAST_MATH = YES;
				SDKROOT = iphoneos;
				SWIFT_COMPILATION_MODE = wholemodule;
				SWIFT_OPTIMIZATION_LEVEL = "-O";
				VALIDATE_PRODUCT = YES;
			};
			name = Release;
		};
		0678D5EB294B96A20052E1D5 /* Debug */ = {
			isa = XCBuildConfiguration;
			buildSettings = {
				ASSETCATALOG_COMPILER_APPICON_NAME = AppIcon;
				ASSETCATALOG_COMPILER_GLOBAL_ACCENT_COLOR_NAME = AccentColor;
				CODE_SIGN_STYLE = Automatic;
				CURRENT_PROJECT_VERSION = 1;
				DEVELOPMENT_ASSET_PATHS = "\"CoreMLSwiftUI/Preview Content\"";
				DEVELOPMENT_TEAM = 34X337SRPJ;
				ENABLE_PREVIEWS = YES;
				GENERATE_INFOPLIST_FILE = YES;
				INFOPLIST_KEY_UIApplicationSceneManifest_Generation = YES;
				INFOPLIST_KEY_UIApplicationSupportsIndirectInputEvents = YES;
				INFOPLIST_KEY_UILaunchScreen_Generation = YES;
				INFOPLIST_KEY_UISupportedInterfaceOrientations_iPad = "UIInterfaceOrientationPortrait UIInterfaceOrientationPortraitUpsideDown UIInterfaceOrientationLandscapeLeft UIInterfaceOrientationLandscapeRight";
				INFOPLIST_KEY_UISupportedInterfaceOrientations_iPhone = "UIInterfaceOrientationPortrait UIInterfaceOrientationLandscapeLeft UIInterfaceOrientationLandscapeRight";
				LD_RUNPATH_SEARCH_PATHS = (
					"$(inherited)",
					"@executable_path/Frameworks",
				);
				MARKETING_VERSION = 1.0;
				PRODUCT_BUNDLE_IDENTIFIER = gabrielcontee.com.CoreMLSwiftUI;
				PRODUCT_NAME = "$(TARGET_NAME)";
				SWIFT_EMIT_LOC_STRINGS = YES;
				SWIFT_VERSION = 5.0;
				TARGETED_DEVICE_FAMILY = "1,2";
			};
			name = Debug;
		};
		0678D5EC294B96A20052E1D5 /* Release */ = {
			isa = XCBuildConfiguration;
			buildSettings = {
				ASSETCATALOG_COMPILER_APPICON_NAME = AppIcon;
				ASSETCATALOG_COMPILER_GLOBAL_ACCENT_COLOR_NAME = AccentColor;
				CODE_SIGN_STYLE = Automatic;
				CURRENT_PROJECT_VERSION = 1;
				DEVELOPMENT_ASSET_PATHS = "\"CoreMLSwiftUI/Preview Content\"";
				DEVELOPMENT_TEAM = 34X337SRPJ;
				ENABLE_PREVIEWS = YES;
				GENERATE_INFOPLIST_FILE = YES;
				INFOPLIST_KEY_UIApplicationSceneManifest_Generation = YES;
				INFOPLIST_KEY_UIApplicationSupportsIndirectInputEvents = YES;
				INFOPLIST_KEY_UILaunchScreen_Generation = YES;
				INFOPLIST_KEY_UISupportedInterfaceOrientations_iPad = "UIInterfaceOrientationPortrait UIInterfaceOrientationPortraitUpsideDown UIInterfaceOrientationLandscapeLeft UIInterfaceOrientationLandscapeRight";
				INFOPLIST_KEY_UISupportedInterfaceOrientations_iPhone = "UIInterfaceOrientationPortrait UIInterfaceOrientationLandscapeLeft UIInterfaceOrientationLandscapeRight";
				LD_RUNPATH_SEARCH_PATHS = (
					"$(inherited)",
					"@executable_path/Frameworks",
				);
				MARKETING_VERSION = 1.0;
				PRODUCT_BUNDLE_IDENTIFIER = gabrielcontee.com.CoreMLSwiftUI;
				PRODUCT_NAME = "$(TARGET_NAME)";
				SWIFT_EMIT_LOC_STRINGS = YES;
				SWIFT_VERSION = 5.0;
				TARGETED_DEVICE_FAMILY = "1,2";
			};
			name = Release;
		};
/* End XCBuildConfiguration section */

/* Begin XCConfigurationList section */
		0678D5D7294B969F0052E1D5 /* Build configuration list for PBXProject "CoreMLSwiftUI" */ = {
			isa = XCConfigurationList;
			buildConfigurations = (
				0678D5E8294B96A20052E1D5 /* Debug */,
				0678D5E9294B96A20052E1D5 /* Release */,
			);
			defaultConfigurationIsVisible = 0;
			defaultConfigurationName = Release;
		};
		0678D5EA294B96A20052E1D5 /* Build configuration list for PBXNativeTarget "CoreMLSwiftUI" */ = {
			isa = XCConfigurationList;
			buildConfigurations = (
				0678D5EB294B96A20052E1D5 /* Debug */,
				0678D5EC294B96A20052E1D5 /* Release */,
			);
			defaultConfigurationIsVisible = 0;
			defaultConfigurationName = Release;
		};
/* End XCConfigurationList section */
	};
	rootObject = 0678D5D4294B969F0052E1D5 /* Project object */;
}
